Microsoft Visual Studio Solution File, Format Version 12.00
# Visual Studio 2012
Project("{FAE04EC0-301F-11D3-BF4B-00C04F79EFBC}") = "First-Game", "First-Game.csproj", "{E5B81BF9-362B-4D10-BCFD-F94FC331863E}"
EndProject
Global
	GlobalSection(SolutionConfigurationPlatforms) = preSolution
	Debug|Any CPU = Debug|Any CPU
	ExportDebug|Any CPU = ExportDebug|Any CPU
	ExportRelease|Any CPU = ExportRelease|Any CPU
	EndGlobalSection
	GlobalSection(ProjectConfigurationPlatforms) = postSolution
		{E5B81BF9-362B-4D10-BCFD-F94FC331863E}.Debug|Any CPU.ActiveCfg = Debug|Any CPU
		{E5B81BF9-362B-4D10-BCFD-F94FC331863E}.Debug|Any CPU.Build.0 = Debug|Any CPU
		{E5B81BF9-362B-4D10-BCFD-F94FC331863E}.ExportDebug|Any CPU.ActiveCfg = ExportDebug|Any CPU
		{E5B81BF9-362B-4D10-BCFD-F94FC331863E}.ExportDebug|Any CPU.Build.0 = ExportDebug|Any CPU
		{E5B81BF9-362B-4D10-BCFD-F94FC331863E}.ExportRelease|Any CPU.ActiveCfg = ExportRelease|Any CPU
		{E5B81BF9-362B-4D10-BCFD-F94FC331863E}.ExportRelease|Any CPU.Build.0 = ExportRelease|Any CPU
	EndGlobalSection
EndGlobal
